
Microsoft Visual Studio Solution File, Format Version 12.00
# Visual Studio Version 17
VisualStudioVersion = 17.11.35219.272
MinimumVisualStudioVersion = 10.0.40219.1
Project("{FAE04EC0-301F-11D3-BF4B-00C04F79EFBC}") = "cp1-winforms", "cp1-winforms\cp1-winforms.csproj", "{830EBE16-CD7D-4F60-BD0D-93924E3E5D59}"
EndProject
Global
	GlobalSection(SolutionConfigurationPlatforms) = preSolution
		Debug|Any CPU = Debug|Any CPU
		Release|Any CPU = Release|Any CPU
	EndGlobalSection
	GlobalSection(ProjectConfigurationPlatforms) = postSolution
		{830EBE16-CD7D-4F60-BD0D-93924E3E5D59}.Debug|Any CPU.ActiveCfg = Debug|Any CPU
		{830EBE16-CD7D-4F60-BD0D-93924E3E5D59}.Debug|Any CPU.Build.0 = Debug|Any CPU
		{830EBE16-CD7D-4F60-BD0D-93924E3E5D59}.Release|Any CPU.ActiveCfg = Release|Any CPU
		{830EBE16-CD7D-4F60-BD0D-93924E3E5D59}.Release|Any CPU.Build.0 = Release|Any CPU
	EndGlobalSection
	GlobalSection(SolutionProperties) = preSolution
		HideSolutionNode = FALSE
	EndGlobalSection
	GlobalSection(ExtensibilityGlobals) = postSolution
		SolutionGuid = {E77C5CDC-F690-40F2-B10B-5B441435D8A4}
	EndGlobalSection
EndGlobal
